// !$*UTF8*$!
{
	archiveVersion = 1;
	classes = {
	};
	objectVersion = 56;
	objects = {

/* Begin PBXBuildFile section */
		B0E33CB32A7925F4008C69FA /* AppDelegate.swift in Sources */ = {isa = PBXBuildFile; fileRef = B0E33CB22A7925F4008C69FA /* AppDelegate.swift */; };
		B0E33CB52A7925F4008C69FA /* SceneDelegate.swift in Sources */ = {isa = PBXBuildFile; fileRef = B0E33CB42A7925F4008C69FA /* SceneDelegate.swift */; };
		B0E33CB72A7925F4008C69FA /* ViewController.swift in Sources */ = {isa = PBXBuildFile; fileRef = B0E33CB62A7925F4008C69FA /* ViewController.swift */; };
		B0E33CBA2A7925F4008C69FA /* Main.storyboard in Resources */ = {isa = PBXBuildFile; fileRef = B0E33CB82A7925F4008C69FA /* Main.storyboard */; };
		B0E33CBC2A7925F6008C69FA /* Assets.xcassets in Resources */ = {isa = PBXBuildFile; fileRef = B0E33CBB2A7925F6008C69FA /* Assets.xcassets */; };
		B0E33CBF2A7925F6008C69FA /* LaunchScreen.storyboard in Resources */ = {isa = PBXBuildFile; fileRef = B0E33CBD2A7925F6008C69FA /* LaunchScreen.storyboard */; };
		B0E33CCA2A7925F6008C69FA /* Magic_8_BallTests.swift in Sources */ = {isa = PBXBuildFile; fileRef = B0E33CC92A7925F6008C69FA /* Magic_8_BallTests.swift */; };
		B0E33CD42A7925F6008C69FA /* Magic_8_BallUITests.swift in Sources */ = {isa = PBXBuildFile; fileRef = B0E33CD32A7925F6008C69FA /* Magic_8_BallUITests.swift */; };
		B0E33CD62A7925F6008C69FA /* Magic_8_BallUITestsLaunchTests.swift in Sources */ = {isa = PBXBuildFile; fileRef = B0E33CD52A7925F6008C69FA /* Magic_8_BallUITestsLaunchTests.swift */; };
/* End PBXBuildFile section */

/* Begin PBXContainerItemProxy section */
		B0E33CC62A7925F6008C69FA /* PBXContainerItemProxy */ = {
			isa = PBXContainerItemProxy;
			containerPortal = B0E33CA72A7925F4008C69FA /* Project object */;
			proxyType = 1;
			remoteGlobalIDString = B0E33CAE2A7925F4008C69FA;
			remoteInfo = "Magic 8 Ball";
		};
		B0E33CD02A7925F6008C69FA /* PBXContainerItemProxy */ = {
			isa = PBXContainerItemProxy;
			containerPortal = B0E33CA72A7925F4008C69FA /* Project object */;
			proxyType = 1;
			remoteGlobalIDString = B0E33CAE2A7925F4008C69FA;
			remoteInfo = "Magic 8 Ball";
		};
/* End PBXContainerItemProxy section */

/* Begin PBXFileReference section */
		B0E33CAF2A7925F4008C69FA /* Magic 8 Ball.app */ = {isa = PBXFileReference; explicitFileType = wrapper.application; includeInIndex = 0; path = "Magic 8 Ball.app"; sourceTree = BUILT_PRODUCTS_DIR; };
		B0E33CB22A7925F4008C69FA /* AppDelegate.swift */ = {isa = PBXFileReference; lastKnownFileType = sourcecode.swift; path = AppDelegate.swift; sourceTree = "<group>"; };
		B0E33CB42A7925F4008C69FA /* SceneDelegate.swift */ = {isa = PBXFileReference; lastKnownFileType = sourcecode.swift; path = SceneDelegate.swift; sourceTree = "<group>"; };
		B0E33CB62A7925F4008C69FA /* ViewController.swift */ = {isa = PBXFileReference; lastKnownFileType = sourcecode.swift; path = ViewController.swift; sourceTree = "<group>"; };
		B0E33CB92A7925F4008C69FA /* Base */ = {isa = PBXFileReference; lastKnownFileType = file.storyboard; name = Base; path = Base.lproj/Main.storyboard; sourceTree = "<group>"; };
		B0E33CBB2A7925F6008C69FA /* Assets.xcassets */ = {isa = PBXFileReference; lastKnownFileType = folder.assetcatalog; path = Assets.xcassets; sourceTree = "<group>"; };
		B0E33CBE2A7925F6008C69FA /* Base */ = {isa = PBXFileReference; lastKnownFileType = file.storyboard; name = Base; path = Base.lproj/LaunchScreen.storyboard; sourceTree = "<group>"; };
		B0E33CC02A7925F6008C69FA /* Info.plist */ = {isa = PBXFileReference; lastKnownFileType = text.plist.xml; path = Info.plist; sourceTree = "<group>"; };
		B0E33CC52A7925F6008C69FA /* Magic 8 BallTests.xctest */ = {isa = PBXFileReference; explicitFileType = wrapper.cfbundle; includeInIndex = 0; path = "Magic 8 BallTests.xctest"; sourceTree = BUILT_PRODUCTS_DIR; };
		B0E33CC92A7925F6008C69FA /* Magic_8_BallTests.swift */ = {isa = PBXFileReference; lastKnownFileType = sourcecode.swift; path = Magic_8_BallTests.swift; sourceTree = "<group>"; };
		B0E33CCF2A7925F6008C69FA /* Magic 8 BallUITests.xctest */ = {isa = PBXFileReference; explicitFileType = wrapper.cfbundle; includeInIndex = 0; path = "Magic 8 BallUITests.xctest"; sourceTree = BUILT_PRODUCTS_DIR; };
		B0E33CD32A7925F6008C69FA /* Magic_8_BallUITests.swift */ = {isa = PBXFileReference; lastKnownFileType = sourcecode.swift; path = Magic_8_BallUITests.swift; sourceTree = "<group>"; };
		B0E33CD52A7925F6008C69FA /* Magic_8_BallUITestsLaunchTests.swift */ = {isa = PBXFileReference; lastKnownFileType = sourcecode.swift; path = Magic_8_BallUITestsLaunchTests.swift; sourceTree = "<group>"; };
/* End PBXFileReference section */

/* Begin PBXFrameworksBuildPhase section */
		B0E33CAC2A7925F4008C69FA /* Frameworks */ = {
			isa = PBXFrameworksBuildPhase;
			buildActionMask = 2147483647;
			files = (
			);
			runOnlyForDeploymentPostprocessing = 0;
		};
		B0E33CC22A7925F6008C69FA /* Frameworks */ = {
			isa = PBXFrameworksBuildPhase;
			buildActionMask = 2147483647;
			files = (
			);
			runOnlyForDeploymentPostprocessing = 0;
		};
		B0E33CCC2A7925F6008C69FA /* Frameworks */ = {
			isa = PBXFrameworksBuildPhase;
			buildActionMask = 2147483647;
			files = (
			);
			runOnlyForDeploymentPostprocessing = 0;
		};
/* End PBXFrameworksBuildPhase section */

/* Begin PBXGroup section */
		B0E33CA62A7925F4008C69FA = {
			isa = PBXGroup;
			children = (
				B0E33CB12A7925F4008C69FA /* Magic 8 Ball */,
				B0E33CC82A7925F6008C69FA /* Magic 8 BallTests */,
				B0E33CD22A7925F6008C69FA /* Magic 8 BallUITests */,
				B0E33CB02A7925F4008C69FA /* Products */,
			);
			sourceTree = "<group>";
		};
		B0E33CB02A7925F4008C69FA /* Products */ = {
			isa = PBXGroup;
			children = (
				B0E33CAF2A7925F4008C69FA /* Magic 8 Ball.app */,
				B0E33CC52A7925F6008C69FA /* Magic 8 BallTests.xctest */,
				B0E33CCF2A7925F6008C69FA /* Magic 8 BallUITests.xctest */,
			);
			name = Products;
			sourceTree = "<group>";
		};
		B0E33CB12A7925F4008C69FA /* Magic 8 Ball */ = {
			isa = PBXGroup;
			children = (
				B0E33CB22A7925F4008C69FA /* AppDelegate.swift */,
				B0E33CB42A7925F4008C69FA /* SceneDelegate.swift */,
				B0E33CB62A7925F4008C69FA /* ViewController.swift */,
				B0E33CB82A7925F4008C69FA /* Main.storyboard */,
				B0E33CBB2A7925F6008C69FA /* Assets.xcassets */,
				B0E33CBD2A7925F6008C69FA /* LaunchScreen.storyboard */,
				B0E33CC02A7925F6008C69FA /* Info.plist */,
			);
			path = "Magic 8 Ball";
			sourceTree = "<group>";
		};
		B0E33CC82A7925F6008C69FA /* Magic 8 BallTests */ = {
			isa = PBXGroup;
			children = (
				B0E33CC92A7925F6008C69FA /* Magic_8_BallTests.swift */,
			);
			path = "Magic 8 BallTests";
			sourceTree = "<group>";
		};
		B0E33CD22A7925F6008C69FA /* Magic 8 BallUITests */ = {
			isa = PBXGroup;
			children = (
				B0E33CD32A7925F6008C69FA /* Magic_8_BallUITests.swift */,
				B0E33CD52A7925F6008C69FA /* Magic_8_BallUITestsLaunchTests.swift */,
			);
			path = "Magic 8 BallUITests";
			sourceTree = "<group>";
		};
/* End PBXGroup section */

/* Begin PBXNativeTarget section */
		B0E33CAE2A7925F4008C69FA /* Magic 8 Ball */ = {
			isa = PBXNativeTarget;
			buildConfigurationList = B0E33CD92A7925F6008C69FA /* Build configuration list for PBXNativeTarget "Magic 8 Ball" */;
			buildPhases = (
				B0E33CAB2A7925F4008C69FA /* Sources */,
				B0E33CAC2A7925F4008C69FA /* Frameworks */,
				B0E33CAD2A7925F4008C69FA /* Resources */,
			);
			buildRules = (
			);
			dependencies = (
			);
			name = "Magic 8 Ball";
			productName = "Magic 8 Ball";
			productReference = B0E33CAF2A7925F4008C69FA /* Magic 8 Ball.app */;
			productType = "com.apple.product-type.application";
		};
		B0E33CC42A7925F6008C69FA /* Magic 8 BallTests */ = {
			isa = PBXNativeTarget;
			buildConfigurationList = B0E33CDC2A7925F6008C69FA /* Build configuration list for PBXNativeTarget "Magic 8 BallTests" */;
			buildPhases = (
				B0E33CC12A7925F6008C69FA /* Sources */,
				B0E33CC22A7925F6008C69FA /* Frameworks */,
				B0E33CC32A7925F6008C69FA /* Resources */,
			);
			buildRules = (
			);
			dependencies = (
				B0E33CC72A7925F6008C69FA /* PBXTargetDependency */,
			);
			name = "Magic 8 BallTests";
			productName = "Magic 8 BallTests";
			productReference = B0E33CC52A7925F6008C69FA /* Magic 8 BallTests.xctest */;
			productType = "com.apple.product-type.bundle.unit-test";
		};
		B0E33CCE2A7925F6008C69FA /* Magic 8 BallUITests */ = {
			isa = PBXNativeTarget;
			buildConfigurationList = B0E33CDF2A7925F6008C69FA /* Build configuration list for PBXNativeTarget "Magic 8 BallUITests" */;
			buildPhases = (
				B0E33CCB2A7925F6008C69FA /* Sources */,
				B0E33CCC2A7925F6008C69FA /* Frameworks */,
				B0E33CCD2A7925F6008C69FA /* Resources */,
			);
			buildRules = (
			);
			dependencies = (
				B0E33CD12A7925F6008C69FA /* PBXTargetDependency */,
			);
			name = "Magic 8 BallUITests";
			productName = "Magic 8 BallUITests";
			productReference = B0E33CCF2A7925F6008C69FA /* Magic 8 BallUITests.xctest */;
			productType = "com.apple.product-type.bundle.ui-testing";
		};
/* End PBXNativeTarget section */

/* Begin PBXProject section */
		B0E33CA72A7925F4008C69FA /* Project object */ = {
			isa = PBXProject;
			attributes = {
				BuildIndependentTargetsInParallel = 1;
				LastSwiftUpdateCheck = 1430;
				LastUpgradeCheck = 1430;
				TargetAttributes = {
					B0E33CAE2A7925F4008C69FA = {
						CreatedOnToolsVersion = 14.3.1;
					};
					B0E33CC42A7925F6008C69FA = {
						CreatedOnToolsVersion = 14.3.1;
						TestTargetID = B0E33CAE2A7925F4008C69FA;
					};
					B0E33CCE2A7925F6008C69FA = {
						CreatedOnToolsVersion = 14.3.1;
						TestTargetID = B0E33CAE2A7925F4008C69FA;
					};
				};
			};
			buildConfigurationList = B0E33CAA2A7925F4008C69FA /* Build configuration list for PBXProject "Magic 8 Ball" */;
			compatibilityVersion = "Xcode 14.0";
			developmentRegion = en;
			hasScannedForEncodings = 0;
			knownRegions = (
				en,
				Base,
			);
			mainGroup = B0E33CA62A7925F4008C69FA;
			productRefGroup = B0E33CB02A7925F4008C69FA /* Products */;
			projectDirPath = "";
			projectRoot = "";
			targets = (
				B0E33CAE2A7925F4008C69FA /* Magic 8 Ball */,
				B0E33CC42A7925F6008C69FA /* Magic 8 BallTests */,
				B0E33CCE2A7925F6008C69FA /* Magic 8 BallUITests */,
			);
		};
/* End PBXProject section */

/* Begin PBXResourcesBuildPhase section */
		B0E33CAD2A7925F4008C69FA /* Resources */ = {
			isa = PBXResourcesBuildPhase;
			buildActionMask = 2147483647;
			files = (
				B0E33CBF2A7925F6008C69FA /* LaunchScreen.storyboard in Resources */,
				B0E33CBC2A7925F6008C69FA /* Assets.xcassets in Resources */,
				B0E33CBA2A7925F4008C69FA /* Main.storyboard in Resources */,
			);
			runOnlyForDeploymentPostprocessing = 0;
		};
		B0E33CC32A7925F6008C69FA /* Resources */ = {
			isa = PBXResourcesBuildPhase;
			buildActionMask = 2147483647;
			files = (
			);
			runOnlyForDeploymentPostprocessing = 0;
		};
		B0E33CCD2A7925F6008C69FA /* Resources */ = {
			isa = PBXResourcesBuildPhase;
			buildActionMask = 2147483647;
			files = (
			);
			runOnlyForDeploymentPostprocessing = 0;
		};
/* End PBXResourcesBuildPhase section */

/* Begin PBXSourcesBuildPhase section */
		B0E33CAB2A7925F4008C69FA /* Sources */ = {
			isa = PBXSourcesBuildPhase;
			buildActionMask = 2147483647;
			files = (
				B0E33CB72A7925F4008C69FA /* ViewController.swift in Sources */,
				B0E33CB32A7925F4008C69FA /* AppDelegate.swift in Sources */,
				B0E33CB52A7925F4008C69FA /* SceneDelegate.swift in Sources */,
			);
			runOnlyForDeploymentPostprocessing = 0;
		};
		B0E33CC12A7925F6008C69FA /* Sources */ = {
			isa = PBXSourcesBuildPhase;
			buildActionMask = 2147483647;
			files = (
				B0E33CCA2A7925F6008C69FA /* Magic_8_BallTests.swift in Sources */,
			);
			runOnlyForDeploymentPostprocessing = 0;
		};
		B0E33CCB2A7925F6008C69FA /* Sources */ = {
			isa = PBXSourcesBuildPhase;
			buildActionMask = 2147483647;
			files = (
				B0E33CD62A7925F6008C69FA /* Magic_8_BallUITestsLaunchTests.swift in Sources */,
				B0E33CD42A7925F6008C69FA /* Magic_8_BallUITests.swift in Sources */,
			);
			runOnlyForDeploymentPostprocessing = 0;
		};
/* End PBXSourcesBuildPhase section */

/* Begin PBXTargetDependency section */
		B0E33CC72A7925F6008C69FA /* PBXTargetDependency */ = {
			isa = PBXTargetDependency;
			target = B0E33CAE2A7925F4008C69FA /* Magic 8 Ball */;
			targetProxy = B0E33CC62A7925F6008C69FA /* PBXContainerItemProxy */;
		};
		B0E33CD12A7925F6008C69FA /* PBXTargetDependency */ = {
			isa = PBXTargetDependency;
			target = B0E33CAE2A7925F4008C69FA /* Magic 8 Ball */;
			targetProxy = B0E33CD02A7925F6008C69FA /* PBXContainerItemProxy */;
		};
/* End PBXTargetDependency section */

/* Begin PBXVariantGroup section */
		B0E33CB82A7925F4008C69FA /* Main.storyboard */ = {
			isa = PBXVariantGroup;
			children = (
				B0E33CB92A7925F4008C69FA /* Base */,
			);
			name = Main.storyboard;
			sourceTree = "<group>";
		};
		B0E33CBD2A7925F6008C69FA /* LaunchScreen.storyboard */ = {
			isa = PBXVariantGroup;
			children = (
				B0E33CBE2A7925F6008C69FA /* Base */,
			);
			name = LaunchScreen.storyboard;
			sourceTree = "<group>";
		};
/* End PBXVariantGroup section */

/* Begin XCBuildConfiguration section */
		B0E33CD72A7925F6008C69FA /* Debug */ = {
			isa = XCBuildConfiguration;
			buildSettings = {
				ALWAYS_SEARCH_USER_PATHS = NO;
				CLANG_ANALYZER_NONNULL = YES;
				CLANG_ANALYZER_NUMBER_OBJECT_CONVERSION = YES_AGGRESSIVE;
				CLANG_CXX_LANGUAGE_STANDARD = "gnu++20";
				CLANG_ENABLE_MODULES = YES;
				CLANG_ENABLE_OBJC_ARC = YES;
				CLANG_ENABLE_OBJC_WEAK = YES;
				CLANG_WARN_BLOCK_CAPTURE_AUTORELEASING = YES;
				CLANG_WARN_BOOL_CONVERSION = YES;
				CLANG_WARN_COMMA = YES;
				CLANG_WARN_CONSTANT_CONVERSION = YES;
				CLANG_WARN_DEPRECATED_OBJC_IMPLEMENTATIONS = YES;
				CLANG_WARN_DIRECT_OBJC_ISA_USAGE = YES_ERROR;
				CLANG_WARN_DOCUMENTATION_COMMENTS = YES;
				CLANG_WARN_EMPTY_BODY = YES;
				CLANG_WARN_ENUM_CONVERSION = YES;
				CLANG_WARN_INFINITE_RECURSION = YES;
				CLANG_WARN_INT_CONVERSION = YES;
				CLANG_WARN_NON_LITERAL_NULL_CONVERSION = YES;
				CLANG_WARN_OBJC_IMPLICIT_RETAIN_SELF = YES;
				CLANG_WARN_OBJC_LITERAL_CONVERSION = YES;
				CLANG_WARN_OBJC_ROOT_CLASS = YES_ERROR;
				CLANG_WARN_QUOTED_INCLUDE_IN_FRAMEWORK_HEADER = YES;
				CLANG_WARN_RANGE_LOOP_ANALYSIS = YES;
				CLANG_WARN_STRICT_PROTOTYPES = YES;
				CLANG_WARN_SUSPICIOUS_MOVE = YES;
				CLANG_WARN_UNGUARDED_AVAILABILITY = YES_AGGRESSIVE;
				CLANG_WARN_UNREACHABLE_CODE = YES;
				CLANG_WARN__DUPLICATE_METHOD_MATCH = YES;
				COPY_PHASE_STRIP = NO;
				DEBUG_INFORMATION_FORMAT = dwarf;
				ENABLE_STRICT_OBJC_MSGSEND = YES;
				ENABLE_TESTABILITY = YES;
				GCC_C_LANGUAGE_STANDARD = gnu11;
				GCC_DYNAMIC_NO_PIC = NO;
				GCC_NO_COMMON_BLOCKS = YES;
				GCC_OPTIMIZATION_LEVEL = 0;
				GCC_PREPROCESSOR_DEFINITIONS = (
					"DEBUG=1",
					"$(inherited)",
				);
				GCC_WARN_64_TO_32_BIT_CONVERSION = YES;
				GCC_WARN_ABOUT_RETURN_TYPE = YES_ERROR;
				GCC_WARN_UNDECLARED_SELECTOR = YES;
				GCC_WARN_UNINITIALIZED_AUTOS = YES_AGGRESSIVE;
				GCC_WARN_UNUSED_FUNCTION = YES;
				GCC_WARN_UNUSED_VARIABLE = YES;
				IPHONEOS_DEPLOYMENT_TARGET = 16.4;
				MTL_ENABLE_DEBUG_INFO = INCLUDE_SOURCE;
				MTL_FAST_MATH = YES;
				ONLY_ACTIVE_ARCH = YES;
				SDKROOT = iphoneos;
				SWIFT_ACTIVE_COMPILATION_CONDITIONS = DEBUG;
				SWIFT_OPTIMIZATION_LEVEL = "-Onone";
			};
			name = Debug;
		};
		B0E33CD82A7925F6008C69FA /* Release */ = {
			isa = XCBuildConfiguration;
			buildSettings = {
				ALWAYS_SEARCH_USER_PATHS = NO;
				CLANG_ANALYZER_NONNULL = YES;
				CLANG_ANALYZER_NUMBER_OBJECT_CONVERSION = YES_AGGRESSIVE;
				CLANG_CXX_LANGUAGE_STANDARD = "gnu++20";
				CLANG_ENABLE_MODULES = YES;
				CLANG_ENABLE_OBJC_ARC = YES;
				CLANG_ENABLE_OBJC_WEAK = YES;
				CLANG_WARN_BLOCK_CAPTURE_AUTORELEASING = YES;
				CLANG_WARN_BOOL_CONVERSION = YES;
				CLANG_WARN_COMMA = YES;
				CLANG_WARN_CONSTANT_CONVERSION = YES;
				CLANG_WARN_DEPRECATED_OBJC_IMPLEMENTATIONS = YES;
				CLANG_WARN_DIRECT_OBJC_ISA_USAGE = YES_ERROR;
				CLANG_WARN_DOCUMENTATION_COMMENTS = YES;
				CLANG_WARN_EMPTY_BODY = YES;
				CLANG_WARN_ENUM_CONVERSION = YES;
				CLANG_WARN_INFINITE_RECURSION = YES;
				CLANG_WARN_INT_CONVERSION = YES;
				CLANG_WARN_NON_LITERAL_NULL_CONVERSION = YES;
				CLANG_WARN_OBJC_IMPLICIT_RETAIN_SELF = YES;
				CLANG_WARN_OBJC_LITERAL_CONVERSION = YES;
				CLANG_WARN_OBJC_ROOT_CLASS = YES_ERROR;
				CLANG_WARN_QUOTED_INCLUDE_IN_FRAMEWORK_HEADER = YES;
				CLANG_WARN_RANGE_LOOP_ANALYSIS = YES;
				CLANG_WARN_STRICT_PROTOTYPES = YES;
				CLANG_WARN_SUSPICIOUS_MOVE = YES;
				CLANG_WARN_UNGUARDED_AVAILABILITY = YES_AGGRESSIVE;
				CLANG_WARN_UNREACHABLE_CODE = YES;
				CLANG_WARN__DUPLICATE_METHOD_MATCH = YES;
				COPY_PHASE_STRIP = NO;
				DEBUG_INFORMATION_FORMAT = "dwarf-with-dsym";
				ENABLE_NS_ASSERTIONS = NO;
				ENABLE_STRICT_OBJC_MSGSEND = YES;
				GCC_C_LANGUAGE_STANDARD = gnu11;
				GCC_NO_COMMON_BLOCKS = YES;
				GCC_WARN_64_TO_32_BIT_CONVERSION = YES;
				GCC_WARN_ABOUT_RETURN_TYPE = YES_ERROR;
				GCC_WARN_UNDECLARED_SELECTOR = YES;
				GCC_WARN_UNINITIALIZED_AUTOS = YES_AGGRESSIVE;
				GCC_WARN_UNUSED_FUNCTION = YES;
				GCC_WARN_UNUSED_VARIABLE = YES;
				IPHONEOS_DEPLOYMENT_TARGET = 16.4;
				MTL_ENABLE_DEBUG_INFO = NO;
				MTL_FAST_MATH = YES;
				SDKROOT = iphoneos;
				SWIFT_COMPILATION_MODE = wholemodule;
				SWIFT_OPTIMIZATION_LEVEL = "-O";
				VALIDATE_PRODUCT = YES;
			};
			name = Release;
		};
		B0E33CDA2A7925F6008C69FA /* Debug */ = {
			isa = XCBuildConfiguration;
			buildSettings = {
				ASSETCATALOG_COMPILER_APPICON_NAME = AppIcon;
				ASSETCATALOG_COMPILER_GLOBAL_ACCENT_COLOR_NAME = AccentColor;
				CODE_SIGN_STYLE = Automatic;
				CURRENT_PROJECT_VERSION = 1;
				GENERATE_INFOPLIST_FILE = YES;
				INFOPLIST_FILE = "Magic 8 Ball/Info.plist";
				INFOPLIST_KEY_UIApplicationSupportsIndirectInputEvents = YES;
				INFOPLIST_KEY_UILaunchStoryboardName = LaunchScreen;
				INFOPLIST_KEY_UIMainStoryboardFile = Main;
				INFOPLIST_KEY_UISupportedInterfaceOrientations_iPad = "UIInterfaceOrientationPortrait UIInterfaceOrientationPortraitUpsideDown UIInterfaceOrientationLandscapeLeft UIInterfaceOrientationLandscapeRight";
				INFOPLIST_KEY_UISupportedInterfaceOrientations_iPhone = "UIInterfaceOrientationPortrait UIInterfaceOrientationLandscapeLeft UIInterfaceOrientationLandscapeRight";
				LD_RUNPATH_SEARCH_PATHS = (
					"$(inherited)",
					"@executable_path/Frameworks",
				);
				MARKETING_VERSION = 1.0;
				PRODUCT_BUNDLE_IDENTIFIER = "Ahmed-Khaled.Magic-8-Ball";
				PRODUCT_NAME = "$(TARGET_NAME)";
				SWIFT_EMIT_LOC_STRINGS = YES;
				SWIFT_VERSION = 5.0;
				TARGETED_DEVICE_FAMILY = "1,2";
			};
			name = Debug;
		};
		B0E33CDB2A7925F6008C69FA /* Release */ = {
			isa = XCBuildConfiguration;
			buildSettings = {
				ASSETCATALOG_COMPILER_APPICON_NAME = AppIcon;
				ASSETCATALOG_COMPILER_GLOBAL_ACCENT_COLOR_NAME = AccentColor;
				CODE_SIGN_STYLE = Automatic;
				CURRENT_PROJECT_VERSION = 1;
				GENERATE_INFOPLIST_FILE = YES;
				INFOPLIST_FILE = "Magic 8 Ball/Info.plist";
				INFOPLIST_KEY_UIApplicationSupportsIndirectInputEvents = YES;
				INFOPLIST_KEY_UILaunchStoryboardName = LaunchScreen;
				INFOPLIST_KEY_UIMainStoryboardFile = Main;
				INFOPLIST_KEY_UISupportedInterfaceOrientations_iPad = "UIInterfaceOrientationPortrait UIInterfaceOrientationPortraitUpsideDown UIInterfaceOrientationLandscapeLeft UIInterfaceOrientationLandscapeRight";
				INFOPLIST_KEY_UISupportedInterfaceOrientations_iPhone = "UIInterfaceOrientationPortrait UIInterfaceOrientationLandscapeLeft UIInterfaceOrientationLandscapeRight";
				LD_RUNPATH_SEARCH_PATHS = (
					"$(inherited)",
					"@executable_path/Frameworks",
				);
				MARKETING_VERSION = 1.0;
				PRODUCT_BUNDLE_IDENTIFIER = "Ahmed-Khaled.Magic-8-Ball";
				PRODUCT_NAME = "$(TARGET_NAME)";
				SWIFT_EMIT_LOC_STRINGS = YES;
				SWIFT_VERSION = 5.0;
				TARGETED_DEVICE_FAMILY = "1,2";
			};
			name = Release;
		};
		B0E33CDD2A7925F6008C69FA /* Debug */ = {
			isa = XCBuildConfiguration;
			buildSettings = {
				ALWAYS_EMBED_SWIFT_STANDARD_LIBRARIES = YES;
				BUNDLE_LOADER = "$(TEST_HOST)";
				CODE_SIGN_STYLE = Automatic;
				CURRENT_PROJECT_VERSION = 1;
				GENERATE_INFOPLIST_FILE = YES;
				IPHONEOS_DEPLOYMENT_TARGET = 16.4;
				MARKETING_VERSION = 1.0;
				PRODUCT_BUNDLE_IDENTIFIER = "Ahmed-Khaled.Magic-8-BallTests";
				PRODUCT_NAME = "$(TARGET_NAME)";
				SWIFT_EMIT_LOC_STRINGS = NO;
				SWIFT_VERSION = 5.0;
				TARGETED_DEVICE_FAMILY = "1,2";
				TEST_HOST = "$(BUILT_PRODUCTS_DIR)/Magic 8 Ball.app/$(BUNDLE_EXECUTABLE_FOLDER_PATH)/Magic 8 Ball";
			};
			name = Debug;
		};
		B0E33CDE2A7925F6008C69FA /* Release */ = {
			isa = XCBuildConfiguration;
			buildSettings = {
				ALWAYS_EMBED_SWIFT_STANDARD_LIBRARIES = YES;
				BUNDLE_LOADER = "$(TEST_HOST)";
				CODE_SIGN_STYLE = Automatic;
				CURRENT_PROJECT_VERSION = 1;
				GENERATE_INFOPLIST_FILE = YES;
				IPHONEOS_DEPLOYMENT_TARGET = 16.4;
				MARKETING_VERSION = 1.0;
				PRODUCT_BUNDLE_IDENTIFIER = "Ahmed-Khaled.Magic-8-BallTests";
				PRODUCT_NAME = "$(TARGET_NAME)";
				SWIFT_EMIT_LOC_STRINGS = NO;
				SWIFT_VERSION = 5.0;
				TARGETED_DEVICE_FAMILY = "1,2";
				TEST_HOST = "$(BUILT_PRODUCTS_DIR)/Magic 8 Ball.app/$(BUNDLE_EXECUTABLE_FOLDER_PATH)/Magic 8 Ball";
			};
			name = Release;
		};
		B0E33CE02A7925F6008C69FA /* Debug */ = {
			isa = XCBuildConfiguration;
			buildSettings = {
				ALWAYS_EMBED_SWIFT_STANDARD_LIBRARIES = YES;
				CODE_SIGN_STYLE = Automatic;
				CURRENT_PROJECT_VERSION = 1;
				GENERATE_INFOPLIST_FILE = YES;
				MARKETING_VERSION = 1.0;
				PRODUCT_BUNDLE_IDENTIFIER = "Ahmed-Khaled.Magic-8-BallUITests";
				PRODUCT_NAME = "$(TARGET_NAME)";
				SWIFT_EMIT_LOC_STRINGS = NO;
				SWIFT_VERSION = 5.0;
				TARGETED_DEVICE_FAMILY = "1,2";
				TEST_TARGET_NAME = "Magic 8 Ball";
			};
			name = Debug;
		};
		B0E33CE12A7925F6008C69FA /* Release */ = {
			isa = XCBuildConfiguration;
			buildSettings = {
				ALWAYS_EMBED_SWIFT_STANDARD_LIBRARIES = YES;
				CODE_SIGN_STYLE = Automatic;
				CURRENT_PROJECT_VERSION = 1;
				GENERATE_INFOPLIST_FILE = YES;
				MARKETING_VERSION = 1.0;
				PRODUCT_BUNDLE_IDENTIFIER = "Ahmed-Khaled.Magic-8-BallUITests";
				PRODUCT_NAME = "$(TARGET_NAME)";
				SWIFT_EMIT_LOC_STRINGS = NO;
				SWIFT_VERSION = 5.0;
				TARGETED_DEVICE_FAMILY = "1,2";
				TEST_TARGET_NAME = "Magic 8 Ball";
			};
			name = Release;
		};
/* End XCBuildConfiguration section */

/* Begin XCConfigurationList section */
		B0E33CAA2A7925F4008C69FA /* Build configuration list for PBXProject "Magic 8 Ball" */ = {
			isa = XCConfigurationList;
			buildConfigurations = (
				B0E33CD72A7925F6008C69FA /* Debug */,
				B0E33CD82A7925F6008C69FA /* Release */,
			);
			defaultConfigurationIsVisible = 0;
			defaultConfigurationName = Release;
		};
		B0E33CD92A7925F6008C69FA /* Build configuration list for PBXNativeTarget "Magic 8 Ball" */ = {
			isa = XCConfigurationList;
			buildConfigurations = (
				B0E33CDA2A7925F6008C69FA /* Debug */,
				B0E33CDB2A7925F6008C69FA /* Release */,
			);
			defaultConfigurationIsVisible = 0;
			defaultConfigurationName = Release;
		};
		B0E33CDC2A7925F6008C69FA /* Build configuration list for PBXNativeTarget "Magic 8 BallTests" */ = {
			isa = XCConfigurationList;
			buildConfigurations = (
				B0E33CDD2A7925F6008C69FA /* Debug */,
				B0E33CDE2A7925F6008C69FA /* Release */,
			);
			defaultConfigurationIsVisible = 0;
			defaultConfigurationName = Release;
		};
		B0E33CDF2A7925F6008C69FA /* Build configuration list for PBXNativeTarget "Magic 8 BallUITests" */ = {
			isa = XCConfigurationList;
			buildConfigurations = (
				B0E33CE02A7925F6008C69FA /* Debug */,
				B0E33CE12A7925F6008C69FA /* Release */,
			);
			defaultConfigurationIsVisible = 0;
			defaultConfigurationName = Release;
		};
/* End XCConfigurationList section */
	};
	rootObject = B0E33CA72A7925F4008C69FA /* Project object */;
}
